<?xml version="1.0" encoding="utf-8"?>
<Project ToolsVersion="4.0" xmlns="http://schemas.microsoft.com/developer/msbuild/2003">
  <ItemGroup>
    <Filter Include="animation">
      <UniqueIdentifier>{f1f3c50c-0132-4710-8522-1e03c7c57b11}</UniqueIdentifier>
    </Filter>
    <Filter Include="input">
      <UniqueIdentifier>{68aa1e34-806a-4651-a720-8023c2025936}</UniqueIdentifier>
    </Filter>
    <Filter Include="ui">
      <UniqueIdentifier>{bc2d2035-181f-4ec6-96bb-e04d50d43ffa}</UniqueIdentifier>
    </Filter>
    <Filter Include="gameobject">
      <UniqueIdentifier>{380cb5ed-d34b-4c94-9f74-8e82786c7808}</UniqueIdentifier>
    </Filter>
    <Filter Include="audio">
      <UniqueIdentifier>{e00f1206-f5f6-48c0-af67-051e08ae3220}</UniqueIdentifier>
    </Filter>
    <Filter Include="physics">
      <UniqueIdentifier>{c82f6496-e3a3-4c44-aae9-b5bc04891ab2}</UniqueIdentifier>
    </Filter>
    <Filter Include="core">
      <UniqueIdentifier>{8721a648-3364-4117-bcec-987a6653c65b}</UniqueIdentifier>
    </Filter>
    <Filter Include="render">
      <UniqueIdentifier>{a1103e74-51d4-4fe5-8921-577c60b1950d}</UniqueIdentifier>
    </Filter>
    <Filter Include="gameplay">
      <UniqueIdentifier>{307dfd7d-26dc-424f-b8bf-fcc8c95ce533}</UniqueIdentifier>
    </Filter>
  </ItemGroup>
  <ItemGroup>
    <ClCompile Include="animation\Animation.cpp">
      <Filter>animation</Filter>
    </ClCompile>
    <ClCompile Include="animation\Animations.cpp">
      <Filter>animation</Filter>
    </ClCompile>
    <ClCompile Include="audio\AudioManager.cpp">
      <Filter>audio</Filter>
    </ClCompile>
    <ClCompile Include="core\Game.cpp">
      <Filter>core</Filter>
    </ClCompile>
    <ClCompile Include="core\GameObject.cpp">
      <Filter>core</Filter>
    </ClCompile>
    <ClCompile Include="debug.cpp" />
    <ClCompile Include="gameobject\Breakable.cpp">
      <Filter>gameobject</Filter>
    </ClCompile>
    <ClCompile Include="gameobject\Buff.cpp">
      <Filter>gameobject</Filter>
    </ClCompile>
    <ClCompile Include="gameobject\Enemy.cpp">
      <Filter>gameobject</Filter>
    </ClCompile>
    <ClCompile Include="gameobject\Goomba.cpp">
      <Filter>gameobject</Filter>
    </ClCompile>
    <ClCompile Include="gameobject\Koopa.cpp">
      <Filter>gameobject</Filter>
    </ClCompile>
    <ClCompile Include="gameobject\PiranhaPlant.cpp">
      <Filter>gameobject</Filter>
    </ClCompile>
    <ClCompile Include="gameobject\EnemyFireball.cpp">
      <Filter>gameobject</Filter>
    </ClCompile>
    <ClCompile Include="gameobject\VenusFireTrap.cpp">
      <Filter>gameobject</Filter>
    </ClCompile>
    <ClCompile Include="gameobject\Fireball.cpp">
      <Filter>gameobject</Filter>
    </ClCompile>
    <ClCompile Include="gameobject\FireBlast.cpp">
      <Filter>gameobject</Filter>
    </ClCompile>
    <ClCompile Include="gameobject\Hammer.cpp">
      <Filter>gameobject</Filter>
    </ClCompile>
    <ClCompile Include="gameobject\HammerBro.cpp">
      <Filter>gameobject</Filter>
    </ClCompile>
    <ClCompile Include="gameobject\Flower.cpp">
      <Filter>gameobject</Filter>
    </ClCompile>
    <ClCompile Include="gameobject\Ground.cpp">
      <Filter>gameobject</Filter>
    </ClCompile>
    <ClCompile Include="gameobject\GroundBlock.cpp">
      <Filter>gameobject</Filter>
    </ClCompile>
    <ClCompile Include="gameobject\LuckyBlock.cpp">
      <Filter>gameobject</Filter>
    </ClCompile>
    <ClCompile Include="gameobject\Mario.cpp">
      <Filter>gameobject</Filter>
    </ClCompile>
    <ClCompile Include="gameobject\Mushroom.cpp">
      <Filter>gameobject</Filter>
    </ClCompile>
    <ClCompile Include="gameobject\Pipe.cpp">
      <Filter>gameobject</Filter>
    </ClCompile>
    <ClCompile Include="gameobject\Platform.cpp">
      <Filter>gameobject</Filter>
    </ClCompile>
    <ClCompile Include="gameobject\Projectile.cpp">
      <Filter>gameobject</Filter>
    </ClCompile>
    <ClCompile Include="gameobject\CounterAttack.cpp">
      <Filter>gameobject</Filter>
    </ClCompile>
    <ClCompile Include="gameobject\LightningEffect.cpp">
      <Filter>gameobject</Filter>
    </ClCompile>
    <ClCompile Include="gameobject\BrickDebrisEffect.cpp">
      <Filter>gameobject</Filter>
    </ClCompile>
    <ClCompile Include="gameobject\RollingBall.cpp">
      <Filter>gameobject</Filter>
    </ClCompile>
    <ClCompile Include="gameobject\Prop.cpp">
      <Filter>gameobject</Filter>
    </ClCompile>
    <ClCompile Include="gameobject\PropSpawner.cpp">
      <Filter>gameobject</Filter>
    </ClCompile>

    <ClCompile Include="gameplay\GameManager.cpp">
      <Filter>gameplay</Filter>
    </ClCompile>
    <ClCompile Include="gameplay\Map.cpp">
      <Filter>gameplay</Filter>
    </ClCompile>
    <ClCompile Include="gameplay\SceneManager.cpp">
      <Filter>gameplay</Filter>
    </ClCompile>
    <ClCompile Include="input\MarioInputHandler.cpp">
      <Filter>input</Filter>
    </ClCompile>
    <ClCompile Include="main.cpp" />
    <ClCompile Include="physics\Collision.cpp">
      <Filter>physics</Filter>
    </ClCompile>
    <ClCompile Include="render\Camera.cpp">
      <Filter>render</Filter>
    </ClCompile>
    <ClCompile Include="render\Sprite.cpp">
      <Filter>render</Filter>
    </ClCompile>
    <ClCompile Include="render\Sprites.cpp">
      <Filter>render</Filter>
    </ClCompile>
    <ClCompile Include="render\Textures.cpp">
      <Filter>render</Filter>
    </ClCompile>
    <ClCompile Include="ui\HUD.cpp">
      <Filter>ui</Filter>
    </ClCompile>
    <ClCompile Include="ui\Intro.cpp">
      <Filter>ui</Filter>
    </ClCompile>
    <ClCompile Include="ui\WorldMap.cpp">
      <Filter>ui</Filter>
    </ClCompile>
  </ItemGroup>
  <ItemGroup>
    <ClInclude Include="animation\Animation.h">
      <Filter>animation</Filter>
    </ClInclude>
    <ClInclude Include="animation\Animations.h">
      <Filter>animation</Filter>
    </ClInclude>
    <ClInclude Include="audio\AudioManager.h">
      <Filter>audio</Filter>
    </ClInclude>
    <ClInclude Include="audio\miniaudio.h">
      <Filter>audio</Filter>
    </ClInclude>
    <ClInclude Include="core\Game.h">
      <Filter>core</Filter>
    </ClInclude>
    <ClInclude Include="core\GameObject.h">
      <Filter>core</Filter>
    </ClInclude>
    <ClInclude Include="debug.h" />
    <ClInclude Include="gameobject\Breakable.h">
      <Filter>gameobject</Filter>
    </ClInclude>
    <ClInclude Include="gameobject\Block.h">
      <Filter>gameobject</Filter>
    </ClInclude>
    <ClInclude Include="gameobject\StaticBlock.h">
      <Filter>gameobject</Filter>
    </ClInclude>
    <ClInclude Include="gameobject\DynamicBlock.h">
      <Filter>gameobject</Filter>
    </ClInclude>
    <ClInclude Include="gameobject\GroundBlock.h">
      <Filter>gameobject</Filter>
    </ClInclude>
    <ClInclude Include="gameobject\Buff.h">
      <Filter>gameobject</Filter>
    </ClInclude>
    <ClInclude Include="gameobject\Enemy.h">
      <Filter>gameobject</Filter>
    </ClInclude>
    <ClInclude Include="gameobject\Goomba.h">
      <Filter>gameobject</Filter>
    </ClInclude>
    <ClInclude Include="gameobject\Koopa.h">
      <Filter>gameobject</Filter>
    </ClInclude>
    <ClInclude Include="gameobject\PiranhaPlant.h">
      <Filter>gameobject</Filter>
    </ClInclude>
    <ClInclude Include="gameobject\EnemyFireball.h">
      <Filter>gameobject</Filter>
    </ClInclude>
    <ClInclude Include="gameobject\VenusFireTrap.h">
      <Filter>gameobject</Filter>
    </ClInclude>
    <ClInclude Include="gameobject\Fireball.h">
      <Filter>gameobject</Filter>
    </ClInclude>
    <ClInclude Include="gameobject\FireBlast.h">
      <Filter>gameobject</Filter>
    </ClInclude>
    <ClInclude Include="gameobject\Hammer.h">
      <Filter>gameobject</Filter>
    </ClInclude>
    <ClInclude Include="gameobject\HammerBro.h">
      <Filter>gameobject</Filter>
    </ClInclude>
    <ClInclude Include="gameobject\Flower.h">
      <Filter>gameobject</Filter>
    </ClInclude>
    <ClInclude Include="gameobject\Ground.h">
      <Filter>gameobject</Filter>
    </ClInclude>
    <ClInclude Include="gameobject\LuckyBlock.h">
      <Filter>gameobject</Filter>
    </ClInclude>
    <ClInclude Include="gameobject\Mario.h">
      <Filter>gameobject</Filter>
    </ClInclude>
    <ClInclude Include="gameobject\Mushroom.h">
      <Filter>gameobject</Filter>
    </ClInclude>
    <ClInclude Include="gameobject\Pipe.h">
      <Filter>gameobject</Filter>
    </ClInclude>
    <ClInclude Include="gameobject\Platform.h">
      <Filter>gameobject</Filter>
    </ClInclude>
    <ClInclude Include="gameobject\Projectile.h">
      <Filter>gameobject</Filter>
    </ClInclude>
    <ClInclude Include="gameobject\Prop.h">
      <Filter>gameobject</Filter>
    </ClInclude>
    <ClInclude Include="gameobject\PropSpawner.h">
      <Filter>gameobject</Filter>
    </ClInclude>

    <ClInclude Include="gameobject\CounterAttack.h">
      <Filter>gameobject</Filter>
    </ClInclude>
    <ClInclude Include="gameobject\LightningEffect.h">
      <Filter>gameobject</Filter>
    </ClInclude>
    <ClInclude Include="gameobject\BrickDebrisEffect.h">
      <Filter>gameobject</Filter>
    </ClInclude>
    <ClInclude Include="gameobject\RollingBall.h">
      <Filter>gameobject</Filter>
    </ClInclude>
    <ClInclude Include="gameplay\GameManager.h">
      <Filter>gameplay</Filter>
    </ClInclude>
    <ClInclude Include="gameplay\Map.h">
      <Filter>gameplay</Filter>
    </ClInclude>
    <ClInclude Include="gameplay\SceneManager.h">
      <Filter>gameplay</Filter>
    </ClInclude>
    <ClInclude Include="input\KeyEventHandler.h">
      <Filter>input</Filter>
    </ClInclude>
    <ClInclude Include="input\MarioInputHandler.h">
      <Filter>input</Filter>
    </ClInclude>
    <ClInclude Include="physics\Collision.h">
      <Filter>physics</Filter>
    </ClInclude>
    <ClInclude Include="render\Camera.h">
      <Filter>render</Filter>
    </ClInclude>
    <ClInclude Include="render\Sprite.h">
      <Filter>render</Filter>
    </ClInclude>
    <ClInclude Include="render\Sprites.h">
      <Filter>render</Filter>
    </ClInclude>
    <ClInclude Include="render\Textures.h">
      <Filter>render</Filter>
    </ClInclude>
    <ClInclude Include="ui\HUD.h">
      <Filter>ui</Filter>
    </ClInclude>
    <ClInclude Include="ui\Intro.h">
      <Filter>ui</Filter>
    </ClInclude>
    <ClInclude Include="ui\Scene.h">
      <Filter>ui</Filter>
    </ClInclude>
    <ClInclude Include="ui\WorldMap.h">
      <Filter>ui</Filter>
    </ClInclude>
  </ItemGroup>
  <ItemGroup>
    <None Include="gameplay\.gitkeep">
      <Filter>gameplay</Filter>
    </None>
    <None Include="packages.config" />
    <None Include="ui\.gitkeep">
      <Filter>ui</Filter>
    </None>
  </ItemGroup>
  <ItemGroup>
    <Text Include="gameobject\Brick.txt">
      <Filter>gameobject</Filter>
    </Text>
    <Text Include="gameobject\Enemy.txt">
      <Filter>gameobject</Filter>
    </Text>
    <Text Include="gameobject\Flower.txt">
      <Filter>gameobject</Filter>
    </Text>
    <Text Include="gameobject\Ground.txt">
      <Filter>gameobject</Filter>
    </Text>
    <Text Include="gameobject\Mario.txt">
      <Filter>gameobject</Filter>
    </Text>
    <Text Include="gameobject\Mushroom.txt">
      <Filter>gameobject</Filter>
    </Text>
    <Text Include="gameobject\Note.txt">
      <Filter>gameobject</Filter>
    </Text>
    <Text Include="gameobject\Pipe.txt">
      <Filter>gameobject</Filter>
    </Text>
  </ItemGroup>
</Project>